
Microsoft Visual Studio Solution File, Format Version 12.00
# Visual Studio Version 16
VisualStudioVersion = 16.0.31729.503
MinimumVisualStudioVersion = 10.0.40219.1
Project("{FAE04EC0-301F-11D3-BF4B-00C04F79EFBC}") = "27. Remove Element", "27. Remove Element\27. Remove Element.csproj", "{6C491999-7A18-46A0-926E-E1A2B3D6FE4F}"
EndProject
Global
	GlobalSection(SolutionConfigurationPlatforms) = preSolution
		Debug|Any CPU = Debug|Any CPU
		Release|Any CPU = Release|Any CPU
	EndGlobalSection
	GlobalSection(ProjectConfigurationPlatforms) = postSolution
		{6C491999-7A18-46A0-926E-E1A2B3D6FE4F}.Debug|Any CPU.ActiveCfg = Debug|Any CPU
		{6C491999-7A18-46A0-926E-E1A2B3D6FE4F}.Debug|Any CPU.Build.0 = Debug|Any CPU
		{6C491999-7A18-46A0-926E-E1A2B3D6FE4F}.Release|Any CPU.ActiveCfg = Release|Any CPU
		{6C491999-7A18-46A0-926E-E1A2B3D6FE4F}.Release|Any CPU.Build.0 = Release|Any CPU
	EndGlobalSection
	GlobalSection(SolutionProperties) = preSolution
		HideSolutionNode = FALSE
	EndGlobalSection
	GlobalSection(ExtensibilityGlobals) = postSolution
		SolutionGuid = {B6807CA8-14E4-46FD-B255-D5C2CB4D2DD8}
	EndGlobalSection
EndGlobal
